
Microsoft Visual Studio Solution File, Format Version 12.00
# Visual Studio Version 17
VisualStudioVersion = 17.10.34607.79
MinimumVisualStudioVersion = 10.0.40219.1
Project("{9A19103F-16F7-4668-BE54-9A1E7A4F7556}") = "GameOneOfTen", "GameOneOfTen.csproj", "{4741E9FF-C821-4071-A12D-B830DD65918F}"
EndProject
Project("{FAE04EC0-301F-11D3-BF4B-00C04F79EFBC}") = "GameOneOfTen.Tests", "..\GameOneOfTen.Tests\GameOneOfTen.Tests.csproj", "{8CAB4978-4514-4ACB-9C10-25E453A24FB5}"
EndProject
Global
	GlobalSection(SolutionConfigurationPlatforms) = preSolution
		Debug|Any CPU = Debug|Any CPU
		Release|Any CPU = Release|Any CPU
	EndGlobalSection
	GlobalSection(ProjectConfigurationPlatforms) = postSolution
		{4741E9FF-C821-4071-A12D-B830DD65918F}.Debug|Any CPU.ActiveCfg = Debug|Any CPU
		{4741E9FF-C821-4071-A12D-B830DD65918F}.Debug|Any CPU.Build.0 = Debug|Any CPU
		{4741E9FF-C821-4071-A12D-B830DD65918F}.Release|Any CPU.ActiveCfg = Release|Any CPU
		{4741E9FF-C821-4071-A12D-B830DD65918F}.Release|Any CPU.Build.0 = Release|Any CPU
		{8CAB4978-4514-4ACB-9C10-25E453A24FB5}.Debug|Any CPU.ActiveCfg = Debug|Any CPU
		{8CAB4978-4514-4ACB-9C10-25E453A24FB5}.Debug|Any CPU.Build.0 = Debug|Any CPU
		{8CAB4978-4514-4ACB-9C10-25E453A24FB5}.Release|Any CPU.ActiveCfg = Release|Any CPU
		{8CAB4978-4514-4ACB-9C10-25E453A24FB5}.Release|Any CPU.Build.0 = Release|Any CPU
	EndGlobalSection
	GlobalSection(SolutionProperties) = preSolution
		HideSolutionNode = FALSE
	EndGlobalSection
	GlobalSection(ExtensibilityGlobals) = postSolution
		SolutionGuid = {18C866BD-BAC0-4053-BB52-06A8A51E5C89}
	EndGlobalSection
EndGlobal
